
Microsoft Visual Studio Solution File, Format Version 11.00
# Visual Studio 2010
Project("{FAE04EC0-301F-11D3-BF4B-00C04F79EFBC}") = "Assembly-CSharp", "Assembly-CSharp.csproj", "{351E9689-12D0-C787-5722-3436B51A6DD5}"
EndProject
Project("{FAE04EC0-301F-11D3-BF4B-00C04F79EFBC}") = "OSA", "OSA.csproj", "{7B2A0E1D-9421-A616-9382-E5D0B8A35546}"
EndProject
Project("{FAE04EC0-301F-11D3-BF4B-00C04F79EFBC}") = "Assembly-CSharp-firstpass", "Assembly-CSharp-firstpass.csproj", "{9ACA3AB0-6DB5-7DC6-DBDC-ADEF55BF145E}"
EndProject
Project("{FAE04EC0-301F-11D3-BF4B-00C04F79EFBC}") = "OSA-Editor", "OSA-Editor.csproj", "{BD7BB553-43D8-7D1D-5A91-B0DB6515340F}"
EndProject
Global
	GlobalSection(SolutionConfigurationPlatforms) = preSolution
		Debug|Any CPU = Debug|Any CPU
		Release|Any CPU = Release|Any CPU
	EndGlobalSection
	GlobalSection(ProjectConfigurationPlatforms) = postSolution
		{351E9689-12D0-C787-5722-3436B51A6DD5}.Debug|Any CPU.ActiveCfg = Debug|Any CPU
		{351E9689-12D0-C787-5722-3436B51A6DD5}.Debug|Any CPU.Build.0 = Debug|Any CPU
		{351E9689-12D0-C787-5722-3436B51A6DD5}.Release|Any CPU.ActiveCfg = Release|Any CPU
		{351E9689-12D0-C787-5722-3436B51A6DD5}.Release|Any CPU.Build.0 = Release|Any CPU
		{7B2A0E1D-9421-A616-9382-E5D0B8A35546}.Debug|Any CPU.ActiveCfg = Debug|Any CPU
		{7B2A0E1D-9421-A616-9382-E5D0B8A35546}.Debug|Any CPU.Build.0 = Debug|Any CPU
		{7B2A0E1D-9421-A616-9382-E5D0B8A35546}.Release|Any CPU.ActiveCfg = Release|Any CPU
		{7B2A0E1D-9421-A616-9382-E5D0B8A35546}.Release|Any CPU.Build.0 = Release|Any CPU
		{9ACA3AB0-6DB5-7DC6-DBDC-ADEF55BF145E}.Debug|Any CPU.ActiveCfg = Debug|Any CPU
		{9ACA3AB0-6DB5-7DC6-DBDC-ADEF55BF145E}.Debug|Any CPU.Build.0 = Debug|Any CPU
		{9ACA3AB0-6DB5-7DC6-DBDC-ADEF55BF145E}.Release|Any CPU.ActiveCfg = Release|Any CPU
		{9ACA3AB0-6DB5-7DC6-DBDC-ADEF55BF145E}.Release|Any CPU.Build.0 = Release|Any CPU
		{BD7BB553-43D8-7D1D-5A91-B0DB6515340F}.Debug|Any CPU.ActiveCfg = Debug|Any CPU
		{BD7BB553-43D8-7D1D-5A91-B0DB6515340F}.Debug|Any CPU.Build.0 = Debug|Any CPU
		{BD7BB553-43D8-7D1D-5A91-B0DB6515340F}.Release|Any CPU.ActiveCfg = Release|Any CPU
		{BD7BB553-43D8-7D1D-5A91-B0DB6515340F}.Release|Any CPU.Build.0 = Release|Any CPU
	EndGlobalSection
	GlobalSection(SolutionProperties) = preSolution
		HideSolutionNode = FALSE
	EndGlobalSection
EndGlobal
